Microsoft Visual Studio Solution File, Format Version 12.00
# Visual Studio Version 17
VisualStudioVersion = 17.4.33103.184
MinimumVisualStudioVersion = 10.0.40219.1
Project("{9A19103F-16F7-4668-BE54-9A1E7A4F7556}") = "Core.Infrastructure.BlazorApp", "Core.Infrastructure.BlazorApp\Core.Infrastructure.BlazorApp.csproj", "{C0E9D214-DDA7-4498-B259-179054436FB1}"
EndProject
Project("{9A19103F-16F7-4668-BE54-9A1E7A4F7556}") = "Core.Application", "Core.Application\Core.Application.csproj", "{DA580DE5-84AA-40CA-847B-47338FA86C76}"
EndProject
Project("{9A19103F-16F7-4668-BE54-9A1E7A4F7556}") = "Core.Infrastructure.MockData", "Core.Infrastructure.MockData\Core.Infrastructure.MockData.csproj", "{8CF1FB44-9FD4-42F1-8275-72CC78EE593A}"
EndProject
Project("{9A19103F-16F7-4668-BE54-9A1E7A4F7556}") = "Tests.Application", "Tests.Application\Tests.Application.csproj", "{79F9067B-7FFB-4D05-8213-C7B09DB7ECD5}"
EndProject
Project("{FAE04EC0-301F-11D3-BF4B-00C04F79EFBC}") = "Core.Extensions", "Core.Extensions\Core.Extensions.csproj", "{C8AE034C-8DAC-48B0-AAC7-FF7D4B5DC955}"
EndProject
Global
	GlobalSection(SolutionConfigurationPlatforms) = preSolution
		Debug|Any CPU = Debug|Any CPU
		Release|Any CPU = Release|Any CPU
	EndGlobalSection
	GlobalSection(ProjectConfigurationPlatforms) = postSolution
		{C0E9D214-DDA7-4498-B259-179054436FB1}.Debug|Any CPU.ActiveCfg = Debug|Any CPU
		{C0E9D214-DDA7-4498-B259-179054436FB1}.Debug|Any CPU.Build.0 = Debug|Any CPU
		{C0E9D214-DDA7-4498-B259-179054436FB1}.Release|Any CPU.ActiveCfg = Release|Any CPU
		{C0E9D214-DDA7-4498-B259-179054436FB1}.Release|Any CPU.Build.0 = Release|Any CPU
		{DA580DE5-84AA-40CA-847B-47338FA86C76}.Debug|Any CPU.ActiveCfg = Debug|Any CPU
		{DA580DE5-84AA-40CA-847B-47338FA86C76}.Debug|Any CPU.Build.0 = Debug|Any CPU
		{DA580DE5-84AA-40CA-847B-47338FA86C76}.Release|Any CPU.ActiveCfg = Release|Any CPU
		{DA580DE5-84AA-40CA-847B-47338FA86C76}.Release|Any CPU.Build.0 = Release|Any CPU
		{8CF1FB44-9FD4-42F1-8275-72CC78EE593A}.Debug|Any CPU.ActiveCfg = Debug|Any CPU
		{8CF1FB44-9FD4-42F1-8275-72CC78EE593A}.Debug|Any CPU.Build.0 = Debug|Any CPU
		{8CF1FB44-9FD4-42F1-8275-72CC78EE593A}.Release|Any CPU.ActiveCfg = Release|Any CPU
		{8CF1FB44-9FD4-42F1-8275-72CC78EE593A}.Release|Any CPU.Build.0 = Release|Any CPU
		{79F9067B-7FFB-4D05-8213-C7B09DB7ECD5}.Debug|Any CPU.ActiveCfg = Debug|Any CPU
		{79F9067B-7FFB-4D05-8213-C7B09DB7ECD5}.Debug|Any CPU.Build.0 = Debug|Any CPU
		{79F9067B-7FFB-4D05-8213-C7B09DB7ECD5}.Release|Any CPU.ActiveCfg = Release|Any CPU
		{79F9067B-7FFB-4D05-8213-C7B09DB7ECD5}.Release|Any CPU.Build.0 = Release|Any CPU
		{C8AE034C-8DAC-48B0-AAC7-FF7D4B5DC955}.Debug|Any CPU.ActiveCfg = Debug|Any CPU
		{C8AE034C-8DAC-48B0-AAC7-FF7D4B5DC955}.Debug|Any CPU.Build.0 = Debug|Any CPU
		{C8AE034C-8DAC-48B0-AAC7-FF7D4B5DC955}.Release|Any CPU.ActiveCfg = Release|Any CPU
		{C8AE034C-8DAC-48B0-AAC7-FF7D4B5DC955}.Release|Any CPU.Build.0 = Release|Any CPU
	EndGlobalSection
	GlobalSection(SolutionProperties) = preSolution
		HideSolutionNode = FALSE
	EndGlobalSection
	GlobalSection(ExtensibilityGlobals) = postSolution
		SolutionGuid = {F7CC4DD7-5783-40F2-9437-4E1FDF91DC5A}
	EndGlobalSection
EndGlobal
